
Microsoft Visual Studio Solution File, Format Version 12.00
# Visual Studio Version 16
VisualStudioVersion = 16.0.31205.134
MinimumVisualStudioVersion = 10.0.40219.1
Project("{9A19103F-16F7-4668-BE54-9A1E7A4F7556}") = "RestApi", "RestApi\RestApi.csproj", "{9519689D-EE3A-41E7-A499-EA6C666F58C8}"
EndProject
Project("{9A19103F-16F7-4668-BE54-9A1E7A4F7556}") = "LudoGame", "LudoGame\LudoGame.csproj", "{91831331-C770-405B-A616-D5F9CE33C10E}"
EndProject
Project("{E53339B2-1760-4266-BCC7-CA923CBCF16C}") = "docker-compose", "docker-compose.dcproj", "{F1F8CA81-A143-4ED9-8218-ECCCD7CD23A1}"
EndProject
Global
	GlobalSection(SolutionConfigurationPlatforms) = preSolution
		Debug|Any CPU = Debug|Any CPU
		Release|Any CPU = Release|Any CPU
	EndGlobalSection
	GlobalSection(ProjectConfigurationPlatforms) = postSolution
		{9519689D-EE3A-41E7-A499-EA6C666F58C8}.Debug|Any CPU.ActiveCfg = Debug|Any CPU
		{9519689D-EE3A-41E7-A499-EA6C666F58C8}.Debug|Any CPU.Build.0 = Debug|Any CPU
		{9519689D-EE3A-41E7-A499-EA6C666F58C8}.Release|Any CPU.ActiveCfg = Release|Any CPU
		{9519689D-EE3A-41E7-A499-EA6C666F58C8}.Release|Any CPU.Build.0 = Release|Any CPU
		{91831331-C770-405B-A616-D5F9CE33C10E}.Debug|Any CPU.ActiveCfg = Debug|Any CPU
		{91831331-C770-405B-A616-D5F9CE33C10E}.Debug|Any CPU.Build.0 = Debug|Any CPU
		{91831331-C770-405B-A616-D5F9CE33C10E}.Release|Any CPU.ActiveCfg = Release|Any CPU
		{91831331-C770-405B-A616-D5F9CE33C10E}.Release|Any CPU.Build.0 = Release|Any CPU
		{F1F8CA81-A143-4ED9-8218-ECCCD7CD23A1}.Debug|Any CPU.ActiveCfg = Debug|Any CPU
		{F1F8CA81-A143-4ED9-8218-ECCCD7CD23A1}.Debug|Any CPU.Build.0 = Debug|Any CPU
		{F1F8CA81-A143-4ED9-8218-ECCCD7CD23A1}.Release|Any CPU.ActiveCfg = Release|Any CPU
		{F1F8CA81-A143-4ED9-8218-ECCCD7CD23A1}.Release|Any CPU.Build.0 = Release|Any CPU
	EndGlobalSection
	GlobalSection(SolutionProperties) = preSolution
		HideSolutionNode = FALSE
	EndGlobalSection
	GlobalSection(ExtensibilityGlobals) = postSolution
		SolutionGuid = {F637EE42-5817-4E15-9E0C-77800B6AAC47}
	EndGlobalSection
EndGlobal
